<?xml version="1.0" encoding="UTF-8" standalone="yes" ?>
<CodeBlocks_project_file>
	<FileVersion major="1" minor="6" />
	<Project>
		<Option title="aliv" />
		<Option pch_mode="2" />
		<Option compiler="gcc" />
		<Build>
			<Target title="Debug">
				<Option output="build/aliv" prefix_auto="1" extension_auto="1" />
				<Option working_dir="build" />
				<Option object_output="output/" />
				<Option type="1" />
				<Option compiler="gcc" />
				<Compiler>
					<Add option="-g" />
					<Add directory="include" />
				</Compiler>
				<Linker>
					<Add option="-lalpng" />
					<Add option="-lalleg" />
					<Add option="-ljpeg" />
				</Linker>
			</Target>
		</Build>
		<Compiler>
			<Add option="-Wall" />
			<Add option="-std=c++11" />
		</Compiler>
		<Unit filename="include/GM1Loader.h" />
		<Unit filename="include/JpegLoader.h">
			<Option compilerVar="CC" />
		</Unit>
		<Unit filename="include/TGXLoader.h" />
		<Unit filename="include/algif/algif.h" />
		<Unit filename="include/algif/gif.h" />
		<Unit filename="include/algif/lzw.h" />
		<Unit filename="include/image_data.h" />
		<Unit filename="include/init.h" />
		<Unit filename="include/keyListener.h" />
		<Unit filename="include/state.h" />
		<Unit filename="include/view.h" />
		<Unit filename="res/resources.rc">
			<Option compilerVar="WINDRES" />
		</Unit>
		<Unit filename="src/GM1Loader.cpp" />
		<Unit filename="src/JpegLoader.c">
			<Option compilerVar="CC" />
		</Unit>
		<Unit filename="src/TGXLoader.cpp" />
		<Unit filename="src/algif/algif.c">
			<Option compilerVar="CC" />
		</Unit>
		<Unit filename="src/algif/gif.c">
			<Option compilerVar="CC" />
		</Unit>
		<Unit filename="src/algif/lzw.c">
			<Option compilerVar="CC" />
		</Unit>
		<Unit filename="src/image_data.cpp" />
		<Unit filename="src/init.cpp" />
		<Unit filename="src/keyListener.cpp" />
		<Unit filename="src/main.cpp" />
		<Unit filename="src/state.cpp" />
		<Unit filename="src/view.cpp" />
		<Extensions>
			<code_completion />
			<envvars />
			<debugger />
			<lib_finder disable_auto="1" />
		</Extensions>
	</Project>
</CodeBlocks_project_file>
