<?xml version="1.0" encoding="UTF-8" standalone="yes" ?>
<CodeBlocks_project_file>
	<FileVersion major="1" minor="6" />
	<Project>
		<Option title="aliv" />
		<Option pch_mode="2" />
		<Option compiler="gcc" />
		<Build>
			<Target title="Debug">
				<Option output="build/aliv" prefix_auto="1" extension_auto="1" />
				<Option working_dir="build" />
				<Option object_output="output/" />
				<Option type="0" />
				<Option compiler="gcc" />
				<Compiler>
					<Add directory="include" />
				</Compiler>
				<Linker>
					<Add option="-lloadpng" />
					<Add option="-lalleg44" />
					<Add option="-ljpeg" />
				</Linker>
			</Target>
		</Build>
		<Compiler>
			<Add option="-Wnon-virtual-dtor" />
			<Add option="-Wshadow" />
			<Add option="-Wredundant-decls" />
			<Add option="-Wcast-align" />
			<Add option="-Wundef" />
			<Add option="-Wfloat-equal" />
			<Add option="-Winline" />
			<Add option="-Wunreachable-code" />
			<Add option="-Wmissing-include-dirs" />
			<Add option="-Wswitch-enum" />
			<Add option="-Wswitch-default" />
			<Add option="-Wzero-as-null-pointer-constant" />
			<Add option="-Wmain" />
			<Add option="-pedantic" />
			<Add option="-Wextra" />
			<Add option="-Wall" />
			<Add option="-std=c++14" />
		</Compiler>
		<Unit filename="include/algif/algif.h" />
		<Unit filename="include/algif/gif.h" />
		<Unit filename="include/algif/lzw.h" />
		<Unit filename="include/loaders/BmpLoader.h" />
		<Unit filename="include/loaders/GM1Loader.h" />
		<Unit filename="include/loaders/GifLoader.h" />
		<Unit filename="include/loaders/ImageLoader.h" />
		<Unit filename="include/loaders/JpegLoader.h" />
		<Unit filename="include/loaders/PcxLoader.h" />
		<Unit filename="include/loaders/PngLoader.h" />
		<Unit filename="include/loaders/TGXLoader.h" />
		<Unit filename="include/loaders/TgaLoader.h" />
		<Unit filename="include/parsers/GM1Parser.h" />
		<Unit filename="include/parsers/TGXParser.h" />
		<Unit filename="include/util/keyListener.h" />
		<Unit filename="include/view.h" />
		<Unit filename="res/resources.rc">
			<Option compilerVar="WINDRES" />
		</Unit>
		<Unit filename="src/algif/algif.c">
			<Option compilerVar="CC" />
		</Unit>
		<Unit filename="src/algif/gif.c">
			<Option compilerVar="CC" />
		</Unit>
		<Unit filename="src/algif/lzw.c">
			<Option compilerVar="CC" />
		</Unit>
		<Unit filename="src/loaders/BmpLoader.cpp" />
		<Unit filename="src/loaders/GM1Loader.cpp" />
		<Unit filename="src/loaders/GifLoader.cpp" />
		<Unit filename="src/loaders/ImageLoader.cpp" />
		<Unit filename="src/loaders/JpegLoader.cpp" />
		<Unit filename="src/loaders/PcxLoader.cpp" />
		<Unit filename="src/loaders/PngLoader.cpp" />
		<Unit filename="src/loaders/TGXLoader.cpp" />
		<Unit filename="src/loaders/TgaLoader.cpp" />
		<Unit filename="src/main.cpp" />
		<Unit filename="src/parsers/GM1Parser.cpp" />
		<Unit filename="src/parsers/TGXParser.cpp" />
		<Unit filename="src/util/keyListener.cpp" />
		<Unit filename="src/view.cpp" />
		<Extensions>
			<code_completion />
			<envvars />
			<debugger />
			<lib_finder disable_auto="1" />
		</Extensions>
	</Project>
</CodeBlocks_project_file>
